{
  "name": "simple",
  "version": "0.1.0",
  "lockfileVersion": 3,
  "requires": true,
  "packages": {
    "": {
      "name": "simple",
      "version": "0.1.0",
      "dependencies": {
        "@gsap/react": "^2.1.1",
        "@motionone/utils": "^10.18.0",
        "@remixicon/react": "^4.2.0",
        "@studio-freight/lenis": "^1.0.42",
        "autoprefixer": "^10.4.20",
        "framer-motion": "^11.11.11",
        "gsap": "^3.12.5",
        "imagesloaded": "^5.0.0",
        "lenis": "^1.1.13",
        "motion": "^11.11.15",
        "next": "14.2.9",
        "postcss": "^8.4.49",
        "react": "^18",
        "react-dom": "^18",
        "react-icons": "^5.3.0",
        "react-lorem-ipsum": "^1.4.10",
        "smooth-scroll": "^16.1.3",
        "split-type": "^0.3.4",
        "splitting": "^1.1.0",
        "swiper": "^11.1.14"
      }
    },
    "node_modules/@darkroom.engineering/tempus": {
      "version": "0.0.46",
      "resolved": "https://registry.npmjs.org/@darkroom.engineering/tempus/-/tempus-0.0.46.tgz",
      "integrity": "sha512-s5vav3KMHYezvUCl4ee5epg0oimF6M8C9gAaKxFnFaTvX2q3ywFDryIv6XLd0mRFUt3S1uHDJqKaiEcs2ZVSvw==",
      "license": "MIT"
    },
    "node_modules/@gsap/react": {
      "version": "2.1.1",
      "resolved": "https://registry.npmjs.org/@gsap/react/-/react-2.1.1.tgz",
      "integrity": "sha512-apGPRrmpqxvl1T6Io1KgT8tFU+IuACI6z4zmT7t8+PASserJeLVRFJdSNUFA2Xb/eVkZI1noE8LIrY/w/oJECw==",
      "license": "SEE LICENSE AT https://gsap.com/standard-license",
      "dependencies": {
        "gsap": "^3.12.5",
        "react": ">=16"
      }
    },
    "node_modules/@motionone/types": {
      "version": "10.17.1",
      "resolved": "https://registry.npmjs.org/@motionone/types/-/types-10.17.1.tgz",
      "integrity": "sha512-KaC4kgiODDz8hswCrS0btrVrzyU2CSQKO7Ps90ibBVSQmjkrt2teqta6/sOG59v7+dPnKMAg13jyqtMKV2yJ7A==",
      "license": "MIT"
    },
    "node_modules/@motionone/utils": {
      "version": "10.18.0",
      "resolved": "https://registry.npmjs.org/@motionone/utils/-/utils-10.18.0.tgz",
      "integrity": "sha512-3XVF7sgyTSI2KWvTf6uLlBJ5iAgRgmvp3bpuOiQJvInd4nZ19ET8lX5unn30SlmRH7hXbBbH+Gxd0m0klJ3Xtw==",
      "license": "MIT",
      "dependencies": {
        "@motionone/types": "^10.17.1",
        "hey-listen": "^1.0.8",
        "tslib": "^2.3.1"
      }
    },
    "node_modules/@next/env": {
      "version": "14.2.9",
      "resolved": "https://registry.npmjs.org/@next/env/-/env-14.2.9.tgz",
      "integrity": "sha512-hnDAoDPMii31V0ivibI8p6b023jOF1XblWTVjsDUoZKwnZlaBtJFZKDwFqi22R8r9i6W08dThUWU7Bsh2Rg8Ww==",
      "license": "MIT"
    },
    "node_modules/@next/swc-darwin-arm64": {
      "version": "14.2.9",
      "resolved": "https://registry.npmjs.org/@next/swc-darwin-arm64/-/swc-darwin-arm64-14.2.9.tgz",
      "integrity": "sha512-/kfQifl3uLYi3DlwFlzCkgxe6fprJNLzzTUFknq3M5wGYicDIbdGlxUl6oHpVLJpBB/CBY3Y//gO6alz/K4NWA==",
      "cpu": [
        "arm64"
      ],
      "license": "MIT",
      "optional": true,
      "os": [
        "darwin"
      ],
      "engines": {
        "node": ">= 10"
      }
    },
    "node_modules/@next/swc-darwin-x64": {
      "version": "14.2.9",
      "resolved": "https://registry.npmjs.org/@next/swc-darwin-x64/-/swc-darwin-x64-14.2.9.tgz",
      "integrity": "sha512-tK/RyhCmOCiXQ9IVdFrBbZOf4/1+0RSuJkebXU2uMEsusS51TjIJO4l8ZmEijH9gZa0pJClvmApRHi7JuBqsRw==",
      "cpu": [
        "x64"
      ],
      "license": "MIT",
      "optional": true,
      "os": [
        "darwin"
      ],
      "engines": {
        "node": ">= 10"
      }
    },
    "node_modules/@next/swc-linux-arm64-gnu": {
      "version": "14.2.9",
      "resolved": "https://registry.npmjs.org/@next/swc-linux-arm64-gnu/-/swc-linux-arm64-gnu-14.2.9.tgz",
      "integrity": "sha512-tS5eqwsp2nO7mzywRUuFYmefNZsUKM/mTG3exK2jIHv9TEVklE1SByB1KMhFkqlit1PxS9YK1tV8BOV90Wpbrw==",
      "cpu": [
        "arm64"
      ],
      "license": "MIT",
      "optional": true,
      "os": [
        "linux"
      ],
      "engines": {
        "node": ">= 10"
      }
    },
    "node_modules/@next/swc-linux-arm64-musl": {
      "version": "14.2.9",
      "resolved": "https://registry.npmjs.org/@next/swc-linux-arm64-musl/-/swc-linux-arm64-musl-14.2.9.tgz",
      "integrity": "sha512-8svpeTFNAMTUMKQbEzE8qRAwl9o7mNBv7LR1bmSkQvo1oy4WrNyZbhWsldOiKrc4mZ5dfQkGYsI9T75mIFMfeA==",
      "cpu": [
        "arm64"
      ],
      "license": "MIT",
      "optional": true,
      "os": [
        "linux"
      ],
      "engines": {
        "node": ">= 10"
      }
    },
    "node_modules/@next/swc-linux-x64-gnu": {
      "version": "14.2.9",
      "resolved": "https://registry.npmjs.org/@next/swc-linux-x64-gnu/-/swc-linux-x64-gnu-14.2.9.tgz",
      "integrity": "sha512-0HNulLWpKTB7H5BhHCkEhcRAnWUHeAYCftrrGw3QC18+ZywTdAoPv/zEqKy/0adqt+ks4JDdlgSQ1lNKOKjo0A==",
      "cpu": [
        "x64"
      ],
      "license": "MIT",
      "optional": true,
      "os": [
        "linux"
      ],
      "engines": {
        "node": ">= 10"
      }
    },
    "node_modules/@next/swc-linux-x64-musl": {
      "version": "14.2.9",
      "resolved": "https://registry.npmjs.org/@next/swc-linux-x64-musl/-/swc-linux-x64-musl-14.2.9.tgz",
      "integrity": "sha512-hhVFViPHLAVUJRNtwwm609p9ozWajOmRvzOZzzKXgiVGwx/CALxlMUeh+M+e0Zj6orENhWLZeilOPHpptuENsA==",
      "cpu": [
        "x64"
      ],
      "license": "MIT",
      "optional": true,
      "os": [
        "linux"
      ],
      "engines": {
        "node": ">= 10"
      }
    },
    "node_modules/@next/swc-win32-arm64-msvc": {
      "version": "14.2.9",
      "resolved": "https://registry.npmjs.org/@next/swc-win32-arm64-msvc/-/swc-win32-arm64-msvc-14.2.9.tgz",
      "integrity": "sha512-p/v6XlOdrk06xfN9z4evLNBqftVQUWiyduQczCwSj7hNh8fWTbzdVxsEiNOcajMXJbQiaX/ZzZdFgKVmmJnnGQ==",
      "cpu": [
        "arm64"
      ],
      "license": "MIT",
      "optional": true,
      "os": [
        "win32"
      ],
      "engines": {
        "node": ">= 10"
      }
    },
    "node_modules/@next/swc-win32-ia32-msvc": {
      "version": "14.2.9",
      "resolved": "https://registry.npmjs.org/@next/swc-win32-ia32-msvc/-/swc-win32-ia32-msvc-14.2.9.tgz",
      "integrity": "sha512-IcW9dynWDjMK/0M05E3zopbRen7v0/yEaMZbHFOSS1J/w+8YG3jKywOGZWNp/eCUVtUUXs0PW+7Lpz8uLu+KQA==",
      "cpu": [
        "ia32"
      ],
      "license": "MIT",
      "optional": true,
      "os": [
        "win32"
      ],
      "engines": {
        "node": ">= 10"
      }
    },
    "node_modules/@next/swc-win32-x64-msvc": {
      "version": "14.2.9",
      "resolved": "https://registry.npmjs.org/@next/swc-win32-x64-msvc/-/swc-win32-x64-msvc-14.2.9.tgz",
      "integrity": "sha512-gcbpoXyWZdVOBgNa5BRzynrL5UR1nb2ZT38yKgnphYU9UHjeecnylMHntrQiMg/QtONDcJPFC/PmsS47xIRYoA==",
      "cpu": [
        "x64"
      ],
      "license": "MIT",
      "optional": true,
      "os": [
        "win32"
      ],
      "engines": {
        "node": ">= 10"
      }
    },
    "node_modules/@remixicon/react": {
      "version": "4.2.0",
      "resolved": "https://registry.npmjs.org/@remixicon/react/-/react-4.2.0.tgz",
      "integrity": "sha512-eGhKpZ88OU0qkcY9pJu6khBmItDV82nU130E6C68yc+FbljueHlUYy/4CrJsmf860RIDMay2Rpzl27OSJ81miw==",
      "license": "Apache-2.0",
      "peerDependencies": {
        "react": ">=18.2.0"
      }
    },
    "node_modules/@studio-freight/lenis": {
      "version": "1.0.42",
      "resolved": "https://registry.npmjs.org/@studio-freight/lenis/-/lenis-1.0.42.tgz",
      "integrity": "sha512-HJAGf2DeM+BTvKzHv752z6Z7zy6bA643nZM7W88Ft9tnw2GsJSp6iJ+3cekjyMIWH+cloL2U9X82dKXgdU8kPg==",
      "deprecated": "'@studio-freight/lenis' has been renamed to just 'lenis', run 'npx @darkroom.engineering/codemods' to update your dependecies accordingly.",
      "license": "MIT"
    },
    "node_modules/@swc/counter": {
      "version": "0.1.3",
      "resolved": "https://registry.npmjs.org/@swc/counter/-/counter-0.1.3.tgz",
      "integrity": "sha512-e2BR4lsJkkRlKZ/qCHPw9ZaSxc0MVUd7gtbtaB7aMvHeJVYe8sOB8DBZkP2DtISHGSku9sCK6T6cnY0CtXrOCQ==",
      "license": "Apache-2.0"
    },
    "node_modules/@swc/helpers": {
      "version": "0.5.5",
      "resolved": "https://registry.npmjs.org/@swc/helpers/-/helpers-0.5.5.tgz",
      "integrity": "sha512-KGYxvIOXcceOAbEk4bi/dVLEK9z8sZ0uBB3Il5b1rhfClSpcX0yfRO0KmTkqR2cnQDymwLB+25ZyMzICg/cm/A==",
      "license": "Apache-2.0",
      "dependencies": {
        "@swc/counter": "^0.1.3",
        "tslib": "^2.4.0"
      }
    },
    "node_modules/autoprefixer": {
      "version": "10.4.20",
      "resolved": "https://registry.npmjs.org/autoprefixer/-/autoprefixer-10.4.20.tgz",
      "integrity": "sha512-XY25y5xSv/wEoqzDyXXME4AFfkZI0P23z6Fs3YgymDnKJkCGOnkL0iTxCa85UTqaSgfcqyf3UA6+c7wUvx/16g==",
      "funding": [
        {
          "type": "opencollective",
          "url": "https://opencollective.com/postcss/"
        },
        {
          "type": "tidelift",
          "url": "https://tidelift.com/funding/github/npm/autoprefixer"
        },
        {
          "type": "github",
          "url": "https://github.com/sponsors/ai"
        }
      ],
      "license": "MIT",
      "dependencies": {
        "browserslist": "^4.23.3",
        "caniuse-lite": "^1.0.30001646",
        "fraction.js": "^4.3.7",
        "normalize-range": "^0.1.2",
        "picocolors": "^1.0.1",
        "postcss-value-parser": "^4.2.0"
      },
      "bin": {
        "autoprefixer": "bin/autoprefixer"
      },
      "engines": {
        "node": "^10 || ^12 || >=14"
      },
      "peerDependencies": {
        "postcss": "^8.1.0"
      }
    },
    "node_modules/browserslist": {
      "version": "4.24.2",
      "resolved": "https://registry.npmjs.org/browserslist/-/browserslist-4.24.2.tgz",
      "integrity": "sha512-ZIc+Q62revdMcqC6aChtW4jz3My3klmCO1fEmINZY/8J3EpBg5/A/D0AKmBveUh6pgoeycoMkVMko84tuYS+Gg==",
      "funding": [
        {
          "type": "opencollective",
          "url": "https://opencollective.com/browserslist"
        },
        {
          "type": "tidelift",
          "url": "https://tidelift.com/funding/github/npm/browserslist"
        },
        {
          "type": "github",
          "url": "https://github.com/sponsors/ai"
        }
      ],
      "license": "MIT",
      "dependencies": {
        "caniuse-lite": "^1.0.30001669",
        "electron-to-chromium": "^1.5.41",
        "node-releases": "^2.0.18",
        "update-browserslist-db": "^1.1.1"
      },
      "bin": {
        "browserslist": "cli.js"
      },
      "engines": {
        "node": "^6 || ^7 || ^8 || ^9 || ^10 || ^11 || ^12 || >=13.7"
      }
    },
    "node_modules/busboy": {
      "version": "1.6.0",
      "resolved": "https://registry.npmjs.org/busboy/-/busboy-1.6.0.tgz",
      "integrity": "sha512-8SFQbg/0hQ9xy3UNTB0YEnsNBbWfhf7RtnzpL7TkBiTBRfrQ9Fxcnz7VJsleJpyp6rVLvXiuORqjlHi5q+PYuA==",
      "dependencies": {
        "streamsearch": "^1.1.0"
      },
      "engines": {
        "node": ">=10.16.0"
      }
    },
    "node_modules/caniuse-lite": {
      "version": "1.0.30001680",
      "resolved": "https://registry.npmjs.org/caniuse-lite/-/caniuse-lite-1.0.30001680.tgz",
      "integrity": "sha512-rPQy70G6AGUMnbwS1z6Xg+RkHYPAi18ihs47GH0jcxIG7wArmPgY3XbS2sRdBbxJljp3thdT8BIqv9ccCypiPA==",
      "funding": [
        {
          "type": "opencollective",
          "url": "https://opencollective.com/browserslist"
        },
        {
          "type": "tidelift",
          "url": "https://tidelift.com/funding/github/npm/caniuse-lite"
        },
        {
          "type": "github",
          "url": "https://github.com/sponsors/ai"
        }
      ],
      "license": "CC-BY-4.0"
    },
    "node_modules/client-only": {
      "version": "0.0.1",
      "resolved": "https://registry.npmjs.org/client-only/-/client-only-0.0.1.tgz",
      "integrity": "sha512-IV3Ou0jSMzZrd3pZ48nLkT9DA7Ag1pnPzaiQhpW7c3RbcqqzvzzVu+L8gfqMp/8IM2MQtSiqaCxrrcfu8I8rMA==",
      "license": "MIT"
    },
    "node_modules/electron-to-chromium": {
      "version": "1.5.62",
      "resolved": "https://registry.npmjs.org/electron-to-chromium/-/electron-to-chromium-1.5.62.tgz",
      "integrity": "sha512-t8c+zLmJHa9dJy96yBZRXGQYoiCEnHYgFwn1asvSPZSUdVxnB62A4RASd7k41ytG3ErFBA0TpHlKg9D9SQBmLg==",
      "license": "ISC"
    },
    "node_modules/escalade": {
      "version": "3.2.0",
      "resolved": "https://registry.npmjs.org/escalade/-/escalade-3.2.0.tgz",
      "integrity": "sha512-WUj2qlxaQtO4g6Pq5c29GTcWGDyd8itL8zTlipgECz3JesAiiOKotd8JU6otB3PACgG6xkJUyVhboMS+bje/jA==",
      "license": "MIT",
      "engines": {
        "node": ">=6"
      }
    },
    "node_modules/ev-emitter": {
      "version": "2.1.2",
      "resolved": "https://registry.npmjs.org/ev-emitter/-/ev-emitter-2.1.2.tgz",
      "integrity": "sha512-jQ5Ql18hdCQ4qS+RCrbLfz1n+Pags27q5TwMKvZyhp5hh2UULUYZUy1keqj6k6SYsdqIYjnmz7xyyEY0V67B8Q==",
      "license": "MIT"
    },
    "node_modules/fraction.js": {
      "version": "4.3.7",
      "resolved": "https://registry.npmjs.org/fraction.js/-/fraction.js-4.3.7.tgz",
      "integrity": "sha512-ZsDfxO51wGAXREY55a7la9LScWpwv9RxIrYABrlvOFBlH/ShPnrtsXeuUIfXKKOVicNxQ+o8JTbJvjS4M89yew==",
      "license": "MIT",
      "engines": {
        "node": "*"
      },
      "funding": {
        "type": "patreon",
        "url": "https://github.com/sponsors/rawify"
      }
    },
    "node_modules/framer-motion": {
      "version": "11.11.15",
      "resolved": "https://registry.npmjs.org/framer-motion/-/framer-motion-11.11.15.tgz",
      "integrity": "sha512-fib+OpUe4nap4W1vhaDohnPU+42B5s1q+jNkNkb6TfzmDYtRhDyvn4mkRCAD5a2cQKOI3nJZP7yqGYtxnlmleg==",
      "license": "MIT",
      "dependencies": {
        "tslib": "^2.4.0"
      },
      "peerDependencies": {
        "@emotion/is-prop-valid": "*",
        "react": "^18.0.0",
        "react-dom": "^18.0.0"
      },
      "peerDependenciesMeta": {
        "@emotion/is-prop-valid": {
          "optional": true
        },
        "react": {
          "optional": true
        },
        "react-dom": {
          "optional": true
        }
      }
    },
    "node_modules/graceful-fs": {
      "version": "4.2.11",
      "resolved": "https://registry.npmjs.org/graceful-fs/-/graceful-fs-4.2.11.tgz",
      "integrity": "sha512-RbJ5/jmFcNNCcDV5o9eTnBLJ/HszWV0P73bc+Ff4nS/rJj+YaS6IGyiOL0VoBYX+l1Wrl3k63h/KrH+nhJ0XvQ==",
      "license": "ISC"
    },
    "node_modules/gsap": {
      "version": "3.12.5",
      "resolved": "https://registry.npmjs.org/gsap/-/gsap-3.12.5.tgz",
      "integrity": "sha512-srBfnk4n+Oe/ZnMIOXt3gT605BX9x5+rh/prT2F1SsNJsU1XuMiP0E2aptW481OnonOGACZWBqseH5Z7csHxhQ==",
      "license": "Standard 'no charge' license: https://gsap.com/standard-license. Club GSAP members get more: https://gsap.com/licensing/. Why GreenSock doesn't employ an MIT license: https://gsap.com/why-license/"
    },
    "node_modules/hey-listen": {
      "version": "1.0.8",
      "resolved": "https://registry.npmjs.org/hey-listen/-/hey-listen-1.0.8.tgz",
      "integrity": "sha512-COpmrF2NOg4TBWUJ5UVyaCU2A88wEMkUPK4hNqyCkqHbxT92BbvfjoSozkAIIm6XhicGlJHhFdullInrdhwU8Q==",
      "license": "MIT"
    },
    "node_modules/imagesloaded": {
      "version": "5.0.0",
      "resolved": "https://registry.npmjs.org/imagesloaded/-/imagesloaded-5.0.0.tgz",
      "integrity": "sha512-/0JGSubc1MTCoDKVmonLHgbifBWHdyLkun+R/151E1c5n79hiSxcd7cB7mPXFgojYu8xnRZv7GYxzKoxW8BetQ==",
      "license": "MIT",
      "dependencies": {
        "ev-emitter": "^2.1.2"
      }
    },
    "node_modules/js-tokens": {
      "version": "4.0.0",
      "resolved": "https://registry.npmjs.org/js-tokens/-/js-tokens-4.0.0.tgz",
      "integrity": "sha512-RdJUflcE3cUzKiMqQgsCu06FPu9UdIJO0beYbPhHN4k6apgJtifcoCtT9bcxOpYBtpD2kCM6Sbzg4CausW/PKQ==",
      "license": "MIT"
    },
    "node_modules/lenis": {
      "version": "1.1.13",
      "resolved": "https://registry.npmjs.org/lenis/-/lenis-1.1.13.tgz",
      "integrity": "sha512-iny+vWwUHcZGbJz+p2I75H1muLBRZqSG7t04jnhA+CWOQDFL1vt9bsZDwPPtYEmYVVvqAdo5MbXVFzNOlbgUkQ==",
      "license": "MIT",
      "dependencies": {
        "@darkroom.engineering/tempus": "^0.0.46"
      },
      "funding": {
        "type": "github",
        "url": "https://github.com/sponsors/darkroomengineering"
      },
      "peerDependencies": {
        "react": ">=17.0.0",
        "react-dom": ">=17.0.0"
      },
      "peerDependenciesMeta": {
        "react": {
          "optional": true
        },
        "react-dom": {
          "optional": true
        }
      }
    },
    "node_modules/loose-envify": {
      "version": "1.4.0",
      "resolved": "https://registry.npmjs.org/loose-envify/-/loose-envify-1.4.0.tgz",
      "integrity": "sha512-lyuxPGr/Wfhrlem2CL/UcnUc1zcqKAImBDzukY7Y5F/yQiNdko6+fRLevlw1HgMySw7f611UIY408EtxRSoK3Q==",
      "license": "MIT",
      "dependencies": {
        "js-tokens": "^3.0.0 || ^4.0.0"
      },
      "bin": {
        "loose-envify": "cli.js"
      }
    },
    "node_modules/motion": {
      "version": "11.11.15",
      "resolved": "https://registry.npmjs.org/motion/-/motion-11.11.15.tgz",
      "integrity": "sha512-lWdAvCWe8eyPg23d46S+W+DHnduS4qJcaDeRzM+NfwdInKif40ElCdxevoXqwo7blAHMXPkRC6RJWn7DbfzrZQ==",
      "license": "MIT",
      "dependencies": {
        "framer-motion": "^11.11.15",
        "tslib": "^2.4.0"
      },
      "peerDependencies": {
        "@emotion/is-prop-valid": "*",
        "react": "^18.0.0",
        "react-dom": "^18.0.0"
      },
      "peerDependenciesMeta": {
        "@emotion/is-prop-valid": {
          "optional": true
        },
        "react": {
          "optional": true
        },
        "react-dom": {
          "optional": true
        }
      }
    },
    "node_modules/nanoid": {
      "version": "3.3.7",
      "resolved": "https://registry.npmjs.org/nanoid/-/nanoid-3.3.7.tgz",
      "integrity": "sha512-eSRppjcPIatRIMC1U6UngP8XFcz8MQWGQdt1MTBQ7NaAmvXDfvNxbvWV3x2y6CdEUciCSsDHDQZbhYaB8QEo2g==",
      "funding": [
        {
          "type": "github",
          "url": "https://github.com/sponsors/ai"
        }
      ],
      "license": "MIT",
      "bin": {
        "nanoid": "bin/nanoid.cjs"
      },
      "engines": {
        "node": "^10 || ^12 || ^13.7 || ^14 || >=15.0.1"
      }
    },
    "node_modules/next": {
      "version": "14.2.9",
      "resolved": "https://registry.npmjs.org/next/-/next-14.2.9.tgz",
      "integrity": "sha512-3CzBNo6BuJnRjcQvRw+irnU1WiuJNZEp+dkzkt91y4jeIDN/Emg95F+takSYiLpJ/HkxClVQRyqiTwYce5IVqw==",
      "license": "MIT",
      "dependencies": {
        "@next/env": "14.2.9",
        "@swc/helpers": "0.5.5",
        "busboy": "1.6.0",
        "caniuse-lite": "^1.0.30001579",
        "graceful-fs": "^4.2.11",
        "postcss": "8.4.31",
        "styled-jsx": "5.1.1"
      },
      "bin": {
        "next": "dist/bin/next"
      },
      "engines": {
        "node": ">=18.17.0"
      },
      "optionalDependencies": {
        "@next/swc-darwin-arm64": "14.2.9",
        "@next/swc-darwin-x64": "14.2.9",
        "@next/swc-linux-arm64-gnu": "14.2.9",
        "@next/swc-linux-arm64-musl": "14.2.9",
        "@next/swc-linux-x64-gnu": "14.2.9",
        "@next/swc-linux-x64-musl": "14.2.9",
        "@next/swc-win32-arm64-msvc": "14.2.9",
        "@next/swc-win32-ia32-msvc": "14.2.9",
        "@next/swc-win32-x64-msvc": "14.2.9"
      },
      "peerDependencies": {
        "@opentelemetry/api": "^1.1.0",
        "@playwright/test": "^1.41.2",
        "react": "^18.2.0",
        "react-dom": "^18.2.0",
        "sass": "^1.3.0"
      },
      "peerDependenciesMeta": {
        "@opentelemetry/api": {
          "optional": true
        },
        "@playwright/test": {
          "optional": true
        },
        "sass": {
          "optional": true
        }
      }
    },
    "node_modules/next/node_modules/postcss": {
      "version": "8.4.31",
      "resolved": "https://registry.npmjs.org/postcss/-/postcss-8.4.31.tgz",
      "integrity": "sha512-PS08Iboia9mts/2ygV3eLpY5ghnUcfLV/EXTOW1E2qYxJKGGBUtNjN76FYHnMs36RmARn41bC0AZmn+rR0OVpQ==",
      "funding": [
        {
          "type": "opencollective",
          "url": "https://opencollective.com/postcss/"
        },
        {
          "type": "tidelift",
          "url": "https://tidelift.com/funding/github/npm/postcss"
        },
        {
          "type": "github",
          "url": "https://github.com/sponsors/ai"
        }
      ],
      "license": "MIT",
      "dependencies": {
        "nanoid": "^3.3.6",
        "picocolors": "^1.0.0",
        "source-map-js": "^1.0.2"
      },
      "engines": {
        "node": "^10 || ^12 || >=14"
      }
    },
    "node_modules/node-releases": {
      "version": "2.0.18",
      "resolved": "https://registry.npmjs.org/node-releases/-/node-releases-2.0.18.tgz",
      "integrity": "sha512-d9VeXT4SJ7ZeOqGX6R5EM022wpL+eWPooLI+5UpWn2jCT1aosUQEhQP214x33Wkwx3JQMvIm+tIoVOdodFS40g==",
      "license": "MIT"
    },
    "node_modules/normalize-range": {
      "version": "0.1.2",
      "resolved": "https://registry.npmjs.org/normalize-range/-/normalize-range-0.1.2.tgz",
      "integrity": "sha512-bdok/XvKII3nUpklnV6P2hxtMNrCboOjAcyBuQnWEhO665FwrSNRxU+AqpsyvO6LgGYPspN+lu5CLtw4jPRKNA==",
      "license": "MIT",
      "engines": {
        "node": ">=0.10.0"
      }
    },
    "node_modules/picocolors": {
      "version": "1.1.1",
      "resolved": "https://registry.npmjs.org/picocolors/-/picocolors-1.1.1.tgz",
      "integrity": "sha512-xceH2snhtb5M9liqDsmEw56le376mTZkEX/jEb/RxNFyegNul7eNslCXP9FDj/Lcu0X8KEyMceP2ntpaHrDEVA==",
      "license": "ISC"
    },
    "node_modules/postcss": {
      "version": "8.4.49",
      "resolved": "https://registry.npmjs.org/postcss/-/postcss-8.4.49.tgz",
      "integrity": "sha512-OCVPnIObs4N29kxTjzLfUryOkvZEq+pf8jTF0lg8E7uETuWHA+v7j3c/xJmiqpX450191LlmZfUKkXxkTry7nA==",
      "funding": [
        {
          "type": "opencollective",
          "url": "https://opencollective.com/postcss/"
        },
        {
          "type": "tidelift",
          "url": "https://tidelift.com/funding/github/npm/postcss"
        },
        {
          "type": "github",
          "url": "https://github.com/sponsors/ai"
        }
      ],
      "license": "MIT",
      "dependencies": {
        "nanoid": "^3.3.7",
        "picocolors": "^1.1.1",
        "source-map-js": "^1.2.1"
      },
      "engines": {
        "node": "^10 || ^12 || >=14"
      }
    },
    "node_modules/postcss-value-parser": {
      "version": "4.2.0",
      "resolved": "https://registry.npmjs.org/postcss-value-parser/-/postcss-value-parser-4.2.0.tgz",
      "integrity": "sha512-1NNCs6uurfkVbeXG4S8JFT9t19m45ICnif8zWLd5oPSZ50QnwMfK+H3jv408d4jw/7Bttv5axS5IiHoLaVNHeQ==",
      "license": "MIT"
    },
    "node_modules/react": {
      "version": "18.3.1",
      "resolved": "https://registry.npmjs.org/react/-/react-18.3.1.tgz",
      "integrity": "sha512-wS+hAgJShR0KhEvPJArfuPVN1+Hz1t0Y6n5jLrGQbkb4urgPE/0Rve+1kMB1v/oWgHgm4WIcV+i7F2pTVj+2iQ==",
      "license": "MIT",
      "dependencies": {
        "loose-envify": "^1.1.0"
      },
      "engines": {
        "node": ">=0.10.0"
      }
    },
    "node_modules/react-dom": {
      "version": "18.3.1",
      "resolved": "https://registry.npmjs.org/react-dom/-/react-dom-18.3.1.tgz",
      "integrity": "sha512-5m4nQKp+rZRb09LNH59GM4BxTh9251/ylbKIbpe7TpGxfJ+9kv6BLkLBXIjjspbgbnIBNqlI23tRnTWT0snUIw==",
      "license": "MIT",
      "dependencies": {
        "loose-envify": "^1.1.0",
        "scheduler": "^0.23.2"
      },
      "peerDependencies": {
        "react": "^18.3.1"
      }
    },
    "node_modules/react-icons": {
      "version": "5.3.0",
      "resolved": "https://registry.npmjs.org/react-icons/-/react-icons-5.3.0.tgz",
      "integrity": "sha512-DnUk8aFbTyQPSkCfF8dbX6kQjXA9DktMeJqfjrg6cK9vwQVMxmcA3BfP4QoiztVmEHtwlTgLFsPuH2NskKT6eg==",
      "license": "MIT",
      "peerDependencies": {
        "react": "*"
      }
    },
    "node_modules/react-lorem-ipsum": {
      "version": "1.4.10",
      "resolved": "https://registry.npmjs.org/react-lorem-ipsum/-/react-lorem-ipsum-1.4.10.tgz",
      "integrity": "sha512-PCEuauLZTGJkm++oxJeUycEgQOBg3qmmD7pn5sUyq9e0OvvNbW32RKQsSgalAYGUIbS91UkDgxvt6iHVAsqYJw==",
      "license": "MIT"
    },
    "node_modules/scheduler": {
      "version": "0.23.2",
      "resolved": "https://registry.npmjs.org/scheduler/-/scheduler-0.23.2.tgz",
      "integrity": "sha512-UOShsPwz7NrMUqhR6t0hWjFduvOzbtv7toDH1/hIrfRNIDBnnBWd0CwJTGvTpngVlmwGCdP9/Zl/tVrDqcuYzQ==",
      "license": "MIT",
      "dependencies": {
        "loose-envify": "^1.1.0"
      }
    },
    "node_modules/smooth-scroll": {
      "version": "16.1.3",
      "resolved": "https://registry.npmjs.org/smooth-scroll/-/smooth-scroll-16.1.3.tgz",
      "integrity": "sha512-ca9U+neJS/cbdScTBuUTCZvUWNF2EuMCk7oAx3ImdeRK5FPm+xRo9XsVHIkeEVkn7MBRx+ufVEhyveM4ZhaTGA==",
      "license": "MIT"
    },
    "node_modules/source-map-js": {
      "version": "1.2.1",
      "resolved": "https://registry.npmjs.org/source-map-js/-/source-map-js-1.2.1.tgz",
      "integrity": "sha512-UXWMKhLOwVKb728IUtQPXxfYU+usdybtUrK/8uGE8CQMvrhOpwvzDBwj0QhSL7MQc7vIsISBG8VQ8+IDQxpfQA==",
      "license": "BSD-3-Clause",
      "engines": {
        "node": ">=0.10.0"
      }
    },
    "node_modules/split-type": {
      "version": "0.3.4",
      "resolved": "https://registry.npmjs.org/split-type/-/split-type-0.3.4.tgz",
      "integrity": "sha512-otEk9vnD8qwfLsk3Lx0gz+qRkNIJCx0mlyL47ImP/DjMuV39d75Lpfwjn9fHteDRz0aoOblSzQjSNT9+Sswxcg==",
      "license": "ISC"
    },
    "node_modules/splitting": {
      "version": "1.1.0",
      "resolved": "https://registry.npmjs.org/splitting/-/splitting-1.1.0.tgz",
      "integrity": "sha512-6Tj+4mvlSti4DUu1yl0PnkHIIoLchFYJHqz2DnwYkvEehXbjrR2epa4ds/xdto6ZdZsC+NP5IOOehi9VGjNlMQ==",
      "license": "MIT"
    },
    "node_modules/streamsearch": {
      "version": "1.1.0",
      "resolved": "https://registry.npmjs.org/streamsearch/-/streamsearch-1.1.0.tgz",
      "integrity": "sha512-Mcc5wHehp9aXz1ax6bZUyY5afg9u2rv5cqQI3mRrYkGC8rW2hM02jWuwjtL++LS5qinSyhj2QfLyNsuc+VsExg==",
      "engines": {
        "node": ">=10.0.0"
      }
    },
    "node_modules/styled-jsx": {
      "version": "5.1.1",
      "resolved": "https://registry.npmjs.org/styled-jsx/-/styled-jsx-5.1.1.tgz",
      "integrity": "sha512-pW7uC1l4mBZ8ugbiZrcIsiIvVx1UmTfw7UkC3Um2tmfUq9Bhk8IiyEIPl6F8agHgjzku6j0xQEZbfA5uSgSaCw==",
      "license": "MIT",
      "dependencies": {
        "client-only": "0.0.1"
      },
      "engines": {
        "node": ">= 12.0.0"
      },
      "peerDependencies": {
        "react": ">= 16.8.0 || 17.x.x || ^18.0.0-0"
      },
      "peerDependenciesMeta": {
        "@babel/core": {
          "optional": true
        },
        "babel-plugin-macros": {
          "optional": true
        }
      }
    },
    "node_modules/swiper": {
      "version": "11.1.14",
      "resolved": "https://registry.npmjs.org/swiper/-/swiper-11.1.14.tgz",
      "integrity": "sha512-VbQLQXC04io6AoAjIUWuZwW4MSYozkcP9KjLdrsG/00Q/yiwvhz9RQyt0nHXV10hi9NVnDNy1/wv7Dzq1lkOCQ==",
      "funding": [
        {
          "type": "patreon",
          "url": "https://www.patreon.com/swiperjs"
        },
        {
          "type": "open_collective",
          "url": "http://opencollective.com/swiper"
        }
      ],
      "license": "MIT",
      "engines": {
        "node": ">= 4.7.0"
      }
    },
    "node_modules/tslib": {
      "version": "2.7.0",
      "resolved": "https://registry.npmjs.org/tslib/-/tslib-2.7.0.tgz",
      "integrity": "sha512-gLXCKdN1/j47AiHiOkJN69hJmcbGTHI0ImLmbYLHykhgeN0jVGola9yVjFgzCUklsZQMW55o+dW7IXv3RCXDzA==",
      "license": "0BSD"
    },
    "node_modules/update-browserslist-db": {
      "version": "1.1.1",
      "resolved": "https://registry.npmjs.org/update-browserslist-db/-/update-browserslist-db-1.1.1.tgz",
      "integrity": "sha512-R8UzCaa9Az+38REPiJ1tXlImTJXlVfgHZsglwBD/k6nj76ctsH1E3q4doGrukiLQd3sGQYu56r5+lo5r94l29A==",
      "funding": [
        {
          "type": "opencollective",
          "url": "https://opencollective.com/browserslist"
        },
        {
          "type": "tidelift",
          "url": "https://tidelift.com/funding/github/npm/browserslist"
        },
        {
          "type": "github",
          "url": "https://github.com/sponsors/ai"
        }
      ],
      "license": "MIT",
      "dependencies": {
        "escalade": "^3.2.0",
        "picocolors": "^1.1.0"
      },
      "bin": {
        "update-browserslist-db": "cli.js"
      },
      "peerDependencies": {
        "browserslist": ">= 4.21.0"
      }
    }
  }
}
